
Microsoft Visual Studio Solution File, Format Version 12.00
# Visual Studio Version 17
VisualStudioVersion = 17.3.32825.248
MinimumVisualStudioVersion = 10.0.40219.1
Project("{9A19103F-16F7-4668-BE54-9A1E7A4F7556}") = "Zzb.ML.Gobang", "Zzb.ML.Gobang\Zzb.ML.Gobang.csproj", "{A948BBC2-66F9-4194-BEC8-FE2F10E1CC33}"
EndProject
Project("{9A19103F-16F7-4668-BE54-9A1E7A4F7556}") = "Zzb.ML.GameComponent", "Zzb.ML.GameComponent\Zzb.ML.GameComponent.csproj", "{15CE3E41-8967-4C09-B8CF-6DA7C300C161}"
EndProject
Project("{9A19103F-16F7-4668-BE54-9A1E7A4F7556}") = "Zzb.ML.AI", "Zzb.ML.AI\Zzb.ML.AI.csproj", "{4936F4AD-184D-474B-A1DF-2A875593FFE3}"
EndProject
Project("{FAE04EC0-301F-11D3-BF4B-00C04F79EFBC}") = "Zzb.ML.Test", "Zzb.ML.Test\Zzb.ML.Test.csproj", "{D313CC46-8AA4-4F7F-BF93-3EE9FA47E44F}"
EndProject
Global
	GlobalSection(SolutionConfigurationPlatforms) = preSolution
		Debug|Any CPU = Debug|Any CPU
		Release|Any CPU = Release|Any CPU
	EndGlobalSection
	GlobalSection(ProjectConfigurationPlatforms) = postSolution
		{A948BBC2-66F9-4194-BEC8-FE2F10E1CC33}.Debug|Any CPU.ActiveCfg = Debug|Any CPU
		{A948BBC2-66F9-4194-BEC8-FE2F10E1CC33}.Debug|Any CPU.Build.0 = Debug|Any CPU
		{A948BBC2-66F9-4194-BEC8-FE2F10E1CC33}.Release|Any CPU.ActiveCfg = Release|Any CPU
		{A948BBC2-66F9-4194-BEC8-FE2F10E1CC33}.Release|Any CPU.Build.0 = Release|Any CPU
		{15CE3E41-8967-4C09-B8CF-6DA7C300C161}.Debug|Any CPU.ActiveCfg = Debug|Any CPU
		{15CE3E41-8967-4C09-B8CF-6DA7C300C161}.Debug|Any CPU.Build.0 = Debug|Any CPU
		{15CE3E41-8967-4C09-B8CF-6DA7C300C161}.Release|Any CPU.ActiveCfg = Release|Any CPU
		{15CE3E41-8967-4C09-B8CF-6DA7C300C161}.Release|Any CPU.Build.0 = Release|Any CPU
		{4936F4AD-184D-474B-A1DF-2A875593FFE3}.Debug|Any CPU.ActiveCfg = Debug|Any CPU
		{4936F4AD-184D-474B-A1DF-2A875593FFE3}.Debug|Any CPU.Build.0 = Debug|Any CPU
		{4936F4AD-184D-474B-A1DF-2A875593FFE3}.Release|Any CPU.ActiveCfg = Release|Any CPU
		{4936F4AD-184D-474B-A1DF-2A875593FFE3}.Release|Any CPU.Build.0 = Release|Any CPU
		{D313CC46-8AA4-4F7F-BF93-3EE9FA47E44F}.Debug|Any CPU.ActiveCfg = Debug|Any CPU
		{D313CC46-8AA4-4F7F-BF93-3EE9FA47E44F}.Debug|Any CPU.Build.0 = Debug|Any CPU
		{D313CC46-8AA4-4F7F-BF93-3EE9FA47E44F}.Release|Any CPU.ActiveCfg = Release|Any CPU
		{D313CC46-8AA4-4F7F-BF93-3EE9FA47E44F}.Release|Any CPU.Build.0 = Release|Any CPU
	EndGlobalSection
	GlobalSection(SolutionProperties) = preSolution
		HideSolutionNode = FALSE
	EndGlobalSection
	GlobalSection(ExtensibilityGlobals) = postSolution
		SolutionGuid = {E277CA02-A926-4C46-9F23-6CADFCD84FA5}
	EndGlobalSection
EndGlobal
